
Microsoft Visual Studio Solution File, Format Version 12.00
# Visual Studio Version 17
VisualStudioVersion = 17.11.35208.52
MinimumVisualStudioVersion = 10.0.40219.1
Project("{FAE04EC0-301F-11D3-BF4B-00C04F79EFBC}") = "HomeAPI", "HomeAPI\HomeAPI.csproj", "{BBB7F85D-7B7F-46FB-A027-E5A37FCF53D1}"
EndProject
Project("{FAE04EC0-301F-11D3-BF4B-00C04F79EFBC}") = "HomeAPI.Contracts", "HomeAPI.Contracts\HomeAPI.Contracts.csproj", "{418D2F78-5042-45E4-8A9B-FC66C384E139}"
EndProject
Project("{FAE04EC0-301F-11D3-BF4B-00C04F79EFBC}") = "HomeAPI.Data", "HomeAPI.Data\HomeAPI.Data.csproj", "{DAB22F6B-B940-4D1B-9A1D-99F0DBDC8876}"
EndProject
Global
	GlobalSection(SolutionConfigurationPlatforms) = preSolution
		Debug|Any CPU = Debug|Any CPU
		Release|Any CPU = Release|Any CPU
	EndGlobalSection
	GlobalSection(ProjectConfigurationPlatforms) = postSolution
		{BBB7F85D-7B7F-46FB-A027-E5A37FCF53D1}.Debug|Any CPU.ActiveCfg = Debug|Any CPU
		{BBB7F85D-7B7F-46FB-A027-E5A37FCF53D1}.Debug|Any CPU.Build.0 = Debug|Any CPU
		{BBB7F85D-7B7F-46FB-A027-E5A37FCF53D1}.Release|Any CPU.ActiveCfg = Release|Any CPU
		{BBB7F85D-7B7F-46FB-A027-E5A37FCF53D1}.Release|Any CPU.Build.0 = Release|Any CPU
		{418D2F78-5042-45E4-8A9B-FC66C384E139}.Debug|Any CPU.ActiveCfg = Debug|Any CPU
		{418D2F78-5042-45E4-8A9B-FC66C384E139}.Debug|Any CPU.Build.0 = Debug|Any CPU
		{418D2F78-5042-45E4-8A9B-FC66C384E139}.Release|Any CPU.ActiveCfg = Release|Any CPU
		{418D2F78-5042-45E4-8A9B-FC66C384E139}.Release|Any CPU.Build.0 = Release|Any CPU
		{DAB22F6B-B940-4D1B-9A1D-99F0DBDC8876}.Debug|Any CPU.ActiveCfg = Debug|Any CPU
		{DAB22F6B-B940-4D1B-9A1D-99F0DBDC8876}.Debug|Any CPU.Build.0 = Debug|Any CPU
		{DAB22F6B-B940-4D1B-9A1D-99F0DBDC8876}.Release|Any CPU.ActiveCfg = Release|Any CPU
		{DAB22F6B-B940-4D1B-9A1D-99F0DBDC8876}.Release|Any CPU.Build.0 = Release|Any CPU
	EndGlobalSection
	GlobalSection(SolutionProperties) = preSolution
		HideSolutionNode = FALSE
	EndGlobalSection
	GlobalSection(ExtensibilityGlobals) = postSolution
		SolutionGuid = {494B363B-97B9-4215-B6FC-7B2A077152A5}
	EndGlobalSection
EndGlobal
